{
	"name": "magicmirror-fonts",
	"version": "1.0.0",
	"lockfileVersion": 3,
	"requires": true,
	"packages": {
		"": {
			"name": "magicmirror-fonts",
			"version": "1.0.0",
			"license": "MIT",
			"dependencies": {
				"@fontsource/roboto": "^5.0.8",
				"@fontsource/roboto-condensed": "^5.0.15"
			}
		},
		"node_modules/@fontsource/roboto": {
			"version": "5.0.8",
			"resolved": "https://registry.npmjs.org/@fontsource/roboto/-/roboto-5.0.8.tgz",
			"integrity": "sha512-XxPltXs5R31D6UZeLIV1td3wTXU3jzd3f2DLsXI8tytMGBkIsGcc9sIyiupRtA8y73HAhuSCeweOoBqf6DbWCA=="
		},
		"node_modules/@fontsource/roboto-condensed": {
			"version": "5.0.15",
			"resolved": "https://registry.npmjs.org/@fontsource/roboto-condensed/-/roboto-condensed-5.0.15.tgz",
			"integrity": "sha512-0AFvcI/8JQ5+FZE12hdaE1W/1ooJUzd5XP7jD74+SP+PArsswJ+6OV/oKTasgeQeZlvGrcD3chO6yr5K4JGwzA=="
		}
	}
}
